{
  "requires": true,
  "lockfileVersion": 1,
  "dependencies": {
    "preact": {
      "version": "10.5.12",
      "resolved": "https://registry.npmjs.org/preact/-/preact-10.5.12.tgz",
      "integrity": "sha512-r6siDkuD36oszwlCkcqDJCAKBQxGoeEGytw2DGMD5A/GGdu5Tymw+N2OBXwvOLxg6d1FeY8MgMV3cc5aVQo4Cg=="
    },
    "preact-iso": {
      "version": "0.3.0",
      "resolved": "https://registry.npmjs.org/preact-iso/-/preact-iso-0.3.0.tgz",
      "integrity": "sha512-3Y5LV0d3mXIcSJugdB/oJAWqGamEam5nwpAefKL/3H+Vx4WuBIrO9vGCBVDW1wS3qjdz5/5dBauA15VPWf1pPA=="
    },
    "wmr": {
      "version": "1.1.0",
      "resolved": "https://registry.npmjs.org/wmr/-/wmr-1.1.0.tgz",
      "integrity": "sha512-ELll+l3wegNmYmPLoWUnPBzlv20we4zlM7jfKqP1tzYus8HUil65e8tNug2Vxbd++ROtT9qL54Qmo0DRze66tQ=="
    }
  }
}
